{
  "name": "@frida/http",
  "version": "3.0.0",
  "lockfileVersion": 1,
  "requires": true,
  "dependencies": {
    "@frida/http-parser": {
      "version": "1.0.0",
      "resolved": "https://registry.npmjs.org/@frida/http-parser/-/http-parser-1.0.0.tgz",
      "integrity": "sha512-2NzB0MWK0SUuNg+opI74p5QEID8/mgyAgEnMURYzvXRoYuSIz9wwVU92ZcUGYjywGbW/+QPNuina3JmKAktnPg=="
    }
  }
}
